
Microsoft Visual Studio Solution File, Format Version 12.00
# Visual Studio 15
VisualStudioVersion = 15.0.27004.2005
MinimumVisualStudioVersion = 10.0.40219.1
Project("{9A19103F-16F7-4668-BE54-9A1E7A4F7556}") = "Thomerson.Algorithm", "Thomerson.Algorithm\Thomerson.Algorithm.csproj", "{915601E9-C27D-44AC-B845-3AE7E24D15AE}"
EndProject
Project("{2150E333-8FDC-42A3-9474-1A3956D46DE8}") = "Sort", "Sort", "{1F235BD1-2BE8-4BD0-9785-6DBA60E5BF7A}"
EndProject
Project("{9A19103F-16F7-4668-BE54-9A1E7A4F7556}") = "1.冒泡排序", "冒泡排序\1.冒泡排序.csproj", "{657C4C3B-5FEA-40D2-A330-5420827849BF}"
EndProject
Project("{9A19103F-16F7-4668-BE54-9A1E7A4F7556}") = "2.选择排序", "选择排序\2.选择排序.csproj", "{82F3D728-8317-4D53-98AB-A6108C64D0DA}"
EndProject
Project("{9A19103F-16F7-4668-BE54-9A1E7A4F7556}") = "插入排序", "插入排序\插入排序.csproj", "{F8CBFE31-9CB7-468B-9A60-A2A96DE84D9C}"
EndProject
Project("{9A19103F-16F7-4668-BE54-9A1E7A4F7556}") = "快速排序", "快速排序\快速排序.csproj", "{C4AD27D6-1FF3-470C-AC88-E418582A3F87}"
EndProject
Global
	GlobalSection(SolutionConfigurationPlatforms) = preSolution
		Debug|Any CPU = Debug|Any CPU
		Release|Any CPU = Release|Any CPU
	EndGlobalSection
	GlobalSection(ProjectConfigurationPlatforms) = postSolution
		{915601E9-C27D-44AC-B845-3AE7E24D15AE}.Debug|Any CPU.ActiveCfg = Debug|Any CPU
		{915601E9-C27D-44AC-B845-3AE7E24D15AE}.Debug|Any CPU.Build.0 = Debug|Any CPU
		{915601E9-C27D-44AC-B845-3AE7E24D15AE}.Release|Any CPU.ActiveCfg = Release|Any CPU
		{915601E9-C27D-44AC-B845-3AE7E24D15AE}.Release|Any CPU.Build.0 = Release|Any CPU
		{657C4C3B-5FEA-40D2-A330-5420827849BF}.Debug|Any CPU.ActiveCfg = Debug|Any CPU
		{657C4C3B-5FEA-40D2-A330-5420827849BF}.Debug|Any CPU.Build.0 = Debug|Any CPU
		{657C4C3B-5FEA-40D2-A330-5420827849BF}.Release|Any CPU.ActiveCfg = Release|Any CPU
		{657C4C3B-5FEA-40D2-A330-5420827849BF}.Release|Any CPU.Build.0 = Release|Any CPU
		{82F3D728-8317-4D53-98AB-A6108C64D0DA}.Debug|Any CPU.ActiveCfg = Debug|Any CPU
		{82F3D728-8317-4D53-98AB-A6108C64D0DA}.Debug|Any CPU.Build.0 = Debug|Any CPU
		{82F3D728-8317-4D53-98AB-A6108C64D0DA}.Release|Any CPU.ActiveCfg = Release|Any CPU
		{82F3D728-8317-4D53-98AB-A6108C64D0DA}.Release|Any CPU.Build.0 = Release|Any CPU
		{F8CBFE31-9CB7-468B-9A60-A2A96DE84D9C}.Debug|Any CPU.ActiveCfg = Debug|Any CPU
		{F8CBFE31-9CB7-468B-9A60-A2A96DE84D9C}.Debug|Any CPU.Build.0 = Debug|Any CPU
		{F8CBFE31-9CB7-468B-9A60-A2A96DE84D9C}.Release|Any CPU.ActiveCfg = Release|Any CPU
		{F8CBFE31-9CB7-468B-9A60-A2A96DE84D9C}.Release|Any CPU.Build.0 = Release|Any CPU
		{C4AD27D6-1FF3-470C-AC88-E418582A3F87}.Debug|Any CPU.ActiveCfg = Debug|Any CPU
		{C4AD27D6-1FF3-470C-AC88-E418582A3F87}.Debug|Any CPU.Build.0 = Debug|Any CPU
		{C4AD27D6-1FF3-470C-AC88-E418582A3F87}.Release|Any CPU.ActiveCfg = Release|Any CPU
		{C4AD27D6-1FF3-470C-AC88-E418582A3F87}.Release|Any CPU.Build.0 = Release|Any CPU
	EndGlobalSection
	GlobalSection(SolutionProperties) = preSolution
		HideSolutionNode = FALSE
	EndGlobalSection
	GlobalSection(NestedProjects) = preSolution
		{657C4C3B-5FEA-40D2-A330-5420827849BF} = {1F235BD1-2BE8-4BD0-9785-6DBA60E5BF7A}
		{82F3D728-8317-4D53-98AB-A6108C64D0DA} = {1F235BD1-2BE8-4BD0-9785-6DBA60E5BF7A}
		{F8CBFE31-9CB7-468B-9A60-A2A96DE84D9C} = {1F235BD1-2BE8-4BD0-9785-6DBA60E5BF7A}
		{C4AD27D6-1FF3-470C-AC88-E418582A3F87} = {1F235BD1-2BE8-4BD0-9785-6DBA60E5BF7A}
	EndGlobalSection
	GlobalSection(ExtensibilityGlobals) = postSolution
		SolutionGuid = {E38D6AE5-92BF-4344-B853-CB78E02E1479}
	EndGlobalSection
EndGlobal
